
Microsoft Visual Studio Solution File, Format Version 12.00
# Visual Studio 15
VisualStudioVersion = 15.0.26403.3
MinimumVisualStudioVersion = 10.0.40219.1
Project("{9A19103F-16F7-4668-BE54-9A1E7A4F7556}") = "FluffySpoon.AspNet.LetsEncrypt.Sample", "FluffySpoon.AspNet.LetsEncrypt.Sample\FluffySpoon.AspNet.LetsEncrypt.Sample.csproj", "{C93D8460-D7DA-4372-A156-61D3F51AA5D4}"
EndProject
Project("{9A19103F-16F7-4668-BE54-9A1E7A4F7556}") = "FluffySpoon.AspNet.LetsEncrypt.EntityFramework", "FluffySpoon.AspNet.LetsEncrypt.EntityFramework\FluffySpoon.AspNet.LetsEncrypt.EntityFramework.csproj", "{4F5A6D2E-3A10-431A-AF51-6F81BDFC88D0}"
EndProject
Project("{9A19103F-16F7-4668-BE54-9A1E7A4F7556}") = "FluffySpoon.AspNet.LetsEncrypt.EntityFramework.Sample", "FluffySpoon.AspNet.LetsEncrypt.EntityFramework.Sample\FluffySpoon.AspNet.LetsEncrypt.EntityFramework.Sample.csproj", "{7796E6C9-4CB8-4F8E-8E41-357884B9C138}"
EndProject
Project("{9A19103F-16F7-4668-BE54-9A1E7A4F7556}") = "FluffySpoon.AspNet.LetsEncrypt.DistributedCache", "FluffySpoon.AspNet.LetsEncrypt.Redis\FluffySpoon.AspNet.LetsEncrypt.DistributedCache.csproj", "{EDE58C35-D2E1-4AB4-9F67-1263FD027C76}"
EndProject
Project("{9A19103F-16F7-4668-BE54-9A1E7A4F7556}") = "FluffySpoon.AspNet.LetsEncrypt.Azure", "FluffySpoon.AspNet.LetsEncrypt.Azure\FluffySpoon.AspNet.LetsEncrypt.Azure.csproj", "{BE99D2D2-59F3-4709-9754-9008F94FA862}"
EndProject
Project("{9A19103F-16F7-4668-BE54-9A1E7A4F7556}") = "FluffySpoon.AspNet.LetsEncrypt", "FluffySpoon.AspNet.LetsEncrypt\FluffySpoon.AspNet.LetsEncrypt.csproj", "{A9D071D3-B82E-45C7-8480-D6EA7F8C6F41}"
EndProject
Global
	GlobalSection(SolutionConfigurationPlatforms) = preSolution
		Debug|Any CPU = Debug|Any CPU
		Release|Any CPU = Release|Any CPU
	EndGlobalSection
	GlobalSection(ProjectConfigurationPlatforms) = postSolution
		{C93D8460-D7DA-4372-A156-61D3F51AA5D4}.Debug|Any CPU.ActiveCfg = Debug|Any CPU
		{C93D8460-D7DA-4372-A156-61D3F51AA5D4}.Debug|Any CPU.Build.0 = Debug|Any CPU
		{C93D8460-D7DA-4372-A156-61D3F51AA5D4}.Release|Any CPU.ActiveCfg = Release|Any CPU
		{C93D8460-D7DA-4372-A156-61D3F51AA5D4}.Release|Any CPU.Build.0 = Release|Any CPU
		{4F5A6D2E-3A10-431A-AF51-6F81BDFC88D0}.Debug|Any CPU.ActiveCfg = Debug|Any CPU
		{4F5A6D2E-3A10-431A-AF51-6F81BDFC88D0}.Debug|Any CPU.Build.0 = Debug|Any CPU
		{4F5A6D2E-3A10-431A-AF51-6F81BDFC88D0}.Release|Any CPU.ActiveCfg = Release|Any CPU
		{4F5A6D2E-3A10-431A-AF51-6F81BDFC88D0}.Release|Any CPU.Build.0 = Release|Any CPU
		{7796E6C9-4CB8-4F8E-8E41-357884B9C138}.Debug|Any CPU.ActiveCfg = Debug|Any CPU
		{7796E6C9-4CB8-4F8E-8E41-357884B9C138}.Debug|Any CPU.Build.0 = Debug|Any CPU
		{7796E6C9-4CB8-4F8E-8E41-357884B9C138}.Release|Any CPU.ActiveCfg = Release|Any CPU
		{7796E6C9-4CB8-4F8E-8E41-357884B9C138}.Release|Any CPU.Build.0 = Release|Any CPU
		{EDE58C35-D2E1-4AB4-9F67-1263FD027C76}.Debug|Any CPU.ActiveCfg = Debug|Any CPU
		{EDE58C35-D2E1-4AB4-9F67-1263FD027C76}.Debug|Any CPU.Build.0 = Debug|Any CPU
		{EDE58C35-D2E1-4AB4-9F67-1263FD027C76}.Release|Any CPU.ActiveCfg = Release|Any CPU
		{EDE58C35-D2E1-4AB4-9F67-1263FD027C76}.Release|Any CPU.Build.0 = Release|Any CPU
		{BE99D2D2-59F3-4709-9754-9008F94FA862}.Debug|Any CPU.ActiveCfg = Debug|Any CPU
		{BE99D2D2-59F3-4709-9754-9008F94FA862}.Debug|Any CPU.Build.0 = Debug|Any CPU
		{BE99D2D2-59F3-4709-9754-9008F94FA862}.Release|Any CPU.ActiveCfg = Release|Any CPU
		{BE99D2D2-59F3-4709-9754-9008F94FA862}.Release|Any CPU.Build.0 = Release|Any CPU
		{A9D071D3-B82E-45C7-8480-D6EA7F8C6F41}.Debug|Any CPU.ActiveCfg = Debug|Any CPU
		{A9D071D3-B82E-45C7-8480-D6EA7F8C6F41}.Debug|Any CPU.Build.0 = Debug|Any CPU
		{A9D071D3-B82E-45C7-8480-D6EA7F8C6F41}.Release|Any CPU.ActiveCfg = Release|Any CPU
		{A9D071D3-B82E-45C7-8480-D6EA7F8C6F41}.Release|Any CPU.Build.0 = Release|Any CPU
	EndGlobalSection
	GlobalSection(SolutionProperties) = preSolution
		HideSolutionNode = FALSE
	EndGlobalSection
	GlobalSection(ExtensibilityGlobals) = postSolution
		SolutionGuid = {15A18112-3424-456F-B929-2F178384A39A}
	EndGlobalSection
EndGlobal
